
Microsoft Visual Studio Solution File, Format Version 12.00
# Visual Studio 2013
VisualStudioVersion = 12.0.20827.3
MinimumVisualStudioVersion = 10.0.40219.1
Project("{FAE04EC0-301F-11D3-BF4B-00C04F79EFBC}") = "WebApp", "WebApp\WebApp.csproj", "{2FBE160A-0147-4BA3-A588-A0E4390F94AA}"
EndProject
Project("{FAE04EC0-301F-11D3-BF4B-00C04F79EFBC}") = "WebApp.Data", "WebApp.Data\WebApp.Data.csproj", "{87035ADF-8222-41E6-A947-858B737B95E5}"
EndProject
Project("{FAE04EC0-301F-11D3-BF4B-00C04F79EFBC}") = "WebApp.Entities", "WebApp.Entities\WebApp.Entities.csproj", "{294C6EDE-E1B4-4F37-972A-ECD7045F2151}"
EndProject
Project("{2150E333-8FDC-42A3-9474-1A3956D46DE8}") = "ExternalLibraries", "ExternalLibraries", "{1D943E01-66E0-419E-961A-F88853A0D6D7}"
	ProjectSection(SolutionItems) = preProject
		ExternalLibraries\Kendo.Mvc.dll = ExternalLibraries\Kendo.Mvc.dll
	EndProjectSection
EndProject
Global
	GlobalSection(SolutionConfigurationPlatforms) = preSolution
		Debug|Any CPU = Debug|Any CPU
		Release|Any CPU = Release|Any CPU
	EndGlobalSection
	GlobalSection(ProjectConfigurationPlatforms) = postSolution
		{2FBE160A-0147-4BA3-A588-A0E4390F94AA}.Debug|Any CPU.ActiveCfg = Debug|Any CPU
		{2FBE160A-0147-4BA3-A588-A0E4390F94AA}.Debug|Any CPU.Build.0 = Debug|Any CPU
		{2FBE160A-0147-4BA3-A588-A0E4390F94AA}.Release|Any CPU.ActiveCfg = Release|Any CPU
		{2FBE160A-0147-4BA3-A588-A0E4390F94AA}.Release|Any CPU.Build.0 = Release|Any CPU
		{87035ADF-8222-41E6-A947-858B737B95E5}.Debug|Any CPU.ActiveCfg = Debug|Any CPU
		{87035ADF-8222-41E6-A947-858B737B95E5}.Debug|Any CPU.Build.0 = Debug|Any CPU
		{87035ADF-8222-41E6-A947-858B737B95E5}.Release|Any CPU.ActiveCfg = Release|Any CPU
		{87035ADF-8222-41E6-A947-858B737B95E5}.Release|Any CPU.Build.0 = Release|Any CPU
		{294C6EDE-E1B4-4F37-972A-ECD7045F2151}.Debug|Any CPU.ActiveCfg = Debug|Any CPU
		{294C6EDE-E1B4-4F37-972A-ECD7045F2151}.Debug|Any CPU.Build.0 = Debug|Any CPU
		{294C6EDE-E1B4-4F37-972A-ECD7045F2151}.Release|Any CPU.ActiveCfg = Release|Any CPU
		{294C6EDE-E1B4-4F37-972A-ECD7045F2151}.Release|Any CPU.Build.0 = Release|Any CPU
	EndGlobalSection
	GlobalSection(SolutionProperties) = preSolution
		HideSolutionNode = FALSE
	EndGlobalSection
EndGlobal
